{
  "name": "frontend",
  "lockfileVersion": 2,
  "requires": true,
  "packages": {
    "": {
      "dependencies": {
        "quasar": "^2.10.2"
      }
    },
    "node_modules/quasar": {
      "version": "2.10.2",
      "resolved": "https://registry.npmjs.org/quasar/-/quasar-2.10.2.tgz",
      "integrity": "sha512-y6suu0f2hJKrnFPHzx+p2EBVGzDF6xHaqYGkDIsMNkhxsrO9Qi2+dZCjq1J6+48EJiqPEOn8t9X/gT7yLSSnLw==",
      "engines": {
        "node": ">= 10.18.1",
        "npm": ">= 6.13.4",
        "yarn": ">= 1.21.1"
      },
      "funding": {
        "type": "github",
        "url": "https://donate.quasar.dev"
      }
    }
  },
  "dependencies": {
    "quasar": {
      "version": "2.10.2",
      "resolved": "https://registry.npmjs.org/quasar/-/quasar-2.10.2.tgz",
      "integrity": "sha512-y6suu0f2hJKrnFPHzx+p2EBVGzDF6xHaqYGkDIsMNkhxsrO9Qi2+dZCjq1J6+48EJiqPEOn8t9X/gT7yLSSnLw=="
    }
  }
}
